
Microsoft Visual Studio Solution File, Format Version 12.00
# Visual Studio 2012
Project("{FAE04EC0-301F-11D3-BF4B-00C04F79EFBC}") = "Noise", "Libnoise\Noise.csproj", "{99111251-3198-4A4F-9182-A8CD95A17A1D}"
EndProject
Project("{FAE04EC0-301F-11D3-BF4B-00C04F79EFBC}") = "LibTest", "LibTest\LibTest.csproj", "{E117B29F-3200-41B9-BA46-130F1D086528}"
EndProject
Global
	GlobalSection(SolutionConfigurationPlatforms) = preSolution
		Debug|Any CPU = Debug|Any CPU
		Debug|Mixed Platforms = Debug|Mixed Platforms
		Debug|Win32 = Debug|Win32
		Release|Any CPU = Release|Any CPU
		Release|Mixed Platforms = Release|Mixed Platforms
		Release|Win32 = Release|Win32
	EndGlobalSection
	GlobalSection(ProjectConfigurationPlatforms) = postSolution
		{99111251-3198-4A4F-9182-A8CD95A17A1D}.Debug|Any CPU.ActiveCfg = Debug|Any CPU
		{99111251-3198-4A4F-9182-A8CD95A17A1D}.Debug|Any CPU.Build.0 = Debug|Any CPU
		{99111251-3198-4A4F-9182-A8CD95A17A1D}.Debug|Mixed Platforms.ActiveCfg = Debug|Any CPU
		{99111251-3198-4A4F-9182-A8CD95A17A1D}.Debug|Mixed Platforms.Build.0 = Debug|Any CPU
		{99111251-3198-4A4F-9182-A8CD95A17A1D}.Debug|Win32.ActiveCfg = Debug|Any CPU
		{99111251-3198-4A4F-9182-A8CD95A17A1D}.Release|Any CPU.ActiveCfg = Release|Any CPU
		{99111251-3198-4A4F-9182-A8CD95A17A1D}.Release|Any CPU.Build.0 = Release|Any CPU
		{99111251-3198-4A4F-9182-A8CD95A17A1D}.Release|Mixed Platforms.ActiveCfg = Release|Any CPU
		{99111251-3198-4A4F-9182-A8CD95A17A1D}.Release|Mixed Platforms.Build.0 = Release|Any CPU
		{99111251-3198-4A4F-9182-A8CD95A17A1D}.Release|Win32.ActiveCfg = Release|Any CPU
		{E117B29F-3200-41B9-BA46-130F1D086528}.Debug|Any CPU.ActiveCfg = Debug|Any CPU
		{E117B29F-3200-41B9-BA46-130F1D086528}.Debug|Any CPU.Build.0 = Debug|Any CPU
		{E117B29F-3200-41B9-BA46-130F1D086528}.Debug|Mixed Platforms.ActiveCfg = Debug|Any CPU
		{E117B29F-3200-41B9-BA46-130F1D086528}.Debug|Mixed Platforms.Build.0 = Debug|Any CPU
		{E117B29F-3200-41B9-BA46-130F1D086528}.Debug|Win32.ActiveCfg = Debug|Any CPU
		{E117B29F-3200-41B9-BA46-130F1D086528}.Release|Any CPU.ActiveCfg = Release|Any CPU
		{E117B29F-3200-41B9-BA46-130F1D086528}.Release|Any CPU.Build.0 = Release|Any CPU
		{E117B29F-3200-41B9-BA46-130F1D086528}.Release|Mixed Platforms.ActiveCfg = Release|Any CPU
		{E117B29F-3200-41B9-BA46-130F1D086528}.Release|Mixed Platforms.Build.0 = Release|Any CPU
		{E117B29F-3200-41B9-BA46-130F1D086528}.Release|Win32.ActiveCfg = Release|Any CPU
	EndGlobalSection
	GlobalSection(SolutionProperties) = preSolution
		HideSolutionNode = FALSE
	EndGlobalSection
EndGlobal
